
Microsoft Visual Studio Solution File, Format Version 12.00
# Visual Studio Version 17
VisualStudioVersion = 17.4.33205.214
MinimumVisualStudioVersion = 10.0.40219.1
Project("{9A19103F-16F7-4668-BE54-9A1E7A4F7556}") = "ApiProducer", "src\ApiProducer\ApiProducer.csproj", "{7824D9CD-7BB5-413D-AFDC-BBAEB33348A5}"
EndProject
Project("{9A19103F-16F7-4668-BE54-9A1E7A4F7556}") = "AzureFunctionConsumer", "src\AzureFunctionConsumer\AzureFunctionConsumer.csproj", "{C4BEF561-72C7-4B4B-9E95-A706583E76C3}"
EndProject
Project("{2150E333-8FDC-42A3-9474-1A3956D46DE8}") = "AzureQueueStorage", "AzureQueueStorage", "{80DE1EF9-5FB4-455A-9FA5-4C57440B56A3}"
EndProject
Project("{2150E333-8FDC-42A3-9474-1A3956D46DE8}") = "AzureQueueServiceBus", "AzureQueueServiceBus", "{A6DBB65B-3D89-4C15-B405-533983537971}"
EndProject
Project("{9A19103F-16F7-4668-BE54-9A1E7A4F7556}") = "ApiQueueStorage", "src\ApiQueueStorage\ApiQueueStorage.csproj", "{F947CB8F-4233-475D-AD9E-3D2BBF8B65D0}"
EndProject
Project("{FAE04EC0-301F-11D3-BF4B-00C04F79EFBC}") = "FunctionQueueStorage", "src\FunctionQueueStorage\FunctionQueueStorage\FunctionQueueStorage.csproj", "{E28E3BB4-452B-4293-8247-6A32AAE72B9E}"
EndProject
Project("{2150E333-8FDC-42A3-9474-1A3956D46DE8}") = "AzureBlobStorage", "AzureBlobStorage", "{E78E60C3-398A-428F-BFCD-DC8519664D22}"
EndProject
Project("{9A19103F-16F7-4668-BE54-9A1E7A4F7556}") = "IdentityStorageSample", "src\IdentityStorageSample\IdentityStorageSample.csproj", "{618415B7-178C-4962-9171-994C484FC832}"
EndProject
Project("{FAE04EC0-301F-11D3-BF4B-00C04F79EFBC}") = "WebJobServiceQueueStorage", "src\WorkerServiceQueueStorage\WebJobServiceQueueStorage\WebJobServiceQueueStorage.csproj", "{A1425699-682B-432F-8340-B667BA25DC77}"
EndProject
Global
	GlobalSection(SolutionConfigurationPlatforms) = preSolution
		Debug|Any CPU = Debug|Any CPU
		Release|Any CPU = Release|Any CPU
	EndGlobalSection
	GlobalSection(ProjectConfigurationPlatforms) = postSolution
		{7824D9CD-7BB5-413D-AFDC-BBAEB33348A5}.Debug|Any CPU.ActiveCfg = Debug|Any CPU
		{7824D9CD-7BB5-413D-AFDC-BBAEB33348A5}.Debug|Any CPU.Build.0 = Debug|Any CPU
		{7824D9CD-7BB5-413D-AFDC-BBAEB33348A5}.Release|Any CPU.ActiveCfg = Release|Any CPU
		{7824D9CD-7BB5-413D-AFDC-BBAEB33348A5}.Release|Any CPU.Build.0 = Release|Any CPU
		{C4BEF561-72C7-4B4B-9E95-A706583E76C3}.Debug|Any CPU.ActiveCfg = Debug|Any CPU
		{C4BEF561-72C7-4B4B-9E95-A706583E76C3}.Debug|Any CPU.Build.0 = Debug|Any CPU
		{C4BEF561-72C7-4B4B-9E95-A706583E76C3}.Release|Any CPU.ActiveCfg = Release|Any CPU
		{C4BEF561-72C7-4B4B-9E95-A706583E76C3}.Release|Any CPU.Build.0 = Release|Any CPU
		{F947CB8F-4233-475D-AD9E-3D2BBF8B65D0}.Debug|Any CPU.ActiveCfg = Debug|Any CPU
		{F947CB8F-4233-475D-AD9E-3D2BBF8B65D0}.Debug|Any CPU.Build.0 = Debug|Any CPU
		{F947CB8F-4233-475D-AD9E-3D2BBF8B65D0}.Release|Any CPU.ActiveCfg = Release|Any CPU
		{F947CB8F-4233-475D-AD9E-3D2BBF8B65D0}.Release|Any CPU.Build.0 = Release|Any CPU
		{E28E3BB4-452B-4293-8247-6A32AAE72B9E}.Debug|Any CPU.ActiveCfg = Debug|Any CPU
		{E28E3BB4-452B-4293-8247-6A32AAE72B9E}.Debug|Any CPU.Build.0 = Debug|Any CPU
		{E28E3BB4-452B-4293-8247-6A32AAE72B9E}.Release|Any CPU.ActiveCfg = Release|Any CPU
		{E28E3BB4-452B-4293-8247-6A32AAE72B9E}.Release|Any CPU.Build.0 = Release|Any CPU
		{618415B7-178C-4962-9171-994C484FC832}.Debug|Any CPU.ActiveCfg = Debug|Any CPU
		{618415B7-178C-4962-9171-994C484FC832}.Debug|Any CPU.Build.0 = Debug|Any CPU
		{618415B7-178C-4962-9171-994C484FC832}.Release|Any CPU.ActiveCfg = Release|Any CPU
		{618415B7-178C-4962-9171-994C484FC832}.Release|Any CPU.Build.0 = Release|Any CPU
		{A1425699-682B-432F-8340-B667BA25DC77}.Debug|Any CPU.ActiveCfg = Debug|Any CPU
		{A1425699-682B-432F-8340-B667BA25DC77}.Debug|Any CPU.Build.0 = Debug|Any CPU
		{A1425699-682B-432F-8340-B667BA25DC77}.Release|Any CPU.ActiveCfg = Release|Any CPU
		{A1425699-682B-432F-8340-B667BA25DC77}.Release|Any CPU.Build.0 = Release|Any CPU
	EndGlobalSection
	GlobalSection(SolutionProperties) = preSolution
		HideSolutionNode = FALSE
	EndGlobalSection
	GlobalSection(NestedProjects) = preSolution
		{7824D9CD-7BB5-413D-AFDC-BBAEB33348A5} = {A6DBB65B-3D89-4C15-B405-533983537971}
		{C4BEF561-72C7-4B4B-9E95-A706583E76C3} = {A6DBB65B-3D89-4C15-B405-533983537971}
		{F947CB8F-4233-475D-AD9E-3D2BBF8B65D0} = {80DE1EF9-5FB4-455A-9FA5-4C57440B56A3}
		{E28E3BB4-452B-4293-8247-6A32AAE72B9E} = {80DE1EF9-5FB4-455A-9FA5-4C57440B56A3}
		{618415B7-178C-4962-9171-994C484FC832} = {E78E60C3-398A-428F-BFCD-DC8519664D22}
		{A1425699-682B-432F-8340-B667BA25DC77} = {80DE1EF9-5FB4-455A-9FA5-4C57440B56A3}
	EndGlobalSection
	GlobalSection(ExtensibilityGlobals) = postSolution
		SolutionGuid = {95575CB4-CC96-4A16-ABF7-F4BD6C8BCB7D}
	EndGlobalSection
EndGlobal
